
Microsoft Visual Studio Solution File, Format Version 12.00
Project("{FAE04EC0-301F-11D3-BF4B-00C04F79EFBC}") = "App", "App\App.csproj", "{1532F2E1-807F-4099-9EA8-9E54547617F2}"
EndProject
Project("{FAE04EC0-301F-11D3-BF4B-00C04F79EFBC}") = "Core", "Core\Core.csproj", "{597B7B2B-B35E-404F-93D8-D1A5995143DE}"
EndProject
Project("{FAE04EC0-301F-11D3-BF4B-00C04F79EFBC}") = "Tests", "Tests\Tests.csproj", "{49C9EB05-3D8B-4C94-BD36-44321E7F3713}"
EndProject
Global
	GlobalSection(SolutionConfigurationPlatforms) = preSolution
		Debug|Any CPU = Debug|Any CPU
		Release|Any CPU = Release|Any CPU
	EndGlobalSection
	GlobalSection(ProjectConfigurationPlatforms) = postSolution
		{1532F2E1-807F-4099-9EA8-9E54547617F2}.Debug|Any CPU.ActiveCfg = Debug|Any CPU
		{1532F2E1-807F-4099-9EA8-9E54547617F2}.Debug|Any CPU.Build.0 = Debug|Any CPU
		{1532F2E1-807F-4099-9EA8-9E54547617F2}.Release|Any CPU.ActiveCfg = Release|Any CPU
		{1532F2E1-807F-4099-9EA8-9E54547617F2}.Release|Any CPU.Build.0 = Release|Any CPU
		{597B7B2B-B35E-404F-93D8-D1A5995143DE}.Debug|Any CPU.ActiveCfg = Debug|Any CPU
		{597B7B2B-B35E-404F-93D8-D1A5995143DE}.Debug|Any CPU.Build.0 = Debug|Any CPU
		{597B7B2B-B35E-404F-93D8-D1A5995143DE}.Release|Any CPU.ActiveCfg = Release|Any CPU
		{597B7B2B-B35E-404F-93D8-D1A5995143DE}.Release|Any CPU.Build.0 = Release|Any CPU
		{49C9EB05-3D8B-4C94-BD36-44321E7F3713}.Debug|Any CPU.ActiveCfg = Debug|Any CPU
		{49C9EB05-3D8B-4C94-BD36-44321E7F3713}.Debug|Any CPU.Build.0 = Debug|Any CPU
		{49C9EB05-3D8B-4C94-BD36-44321E7F3713}.Release|Any CPU.ActiveCfg = Release|Any CPU
		{49C9EB05-3D8B-4C94-BD36-44321E7F3713}.Release|Any CPU.Build.0 = Release|Any CPU
	EndGlobalSection
EndGlobal
